
Microsoft Visual Studio Solution File, Format Version 12.00
# Visual Studio Version 17
VisualStudioVersion = 17.1.32421.90
MinimumVisualStudioVersion = 10.0.40219.1
Project("{FAE04EC0-301F-11D3-BF4B-00C04F79EFBC}") = "ConsoleApp1", "ConsoleApp1\ConsoleApp1.csproj", "{EC2C40D3-DEE3-4890-ADB0-5A5A4DC9553C}"
EndProject
Global
	GlobalSection(SolutionConfigurationPlatforms) = preSolution
		Debug|Any CPU = Debug|Any CPU
		Release|Any CPU = Release|Any CPU
	EndGlobalSection
	GlobalSection(ProjectConfigurationPlatforms) = postSolution
		{EC2C40D3-DEE3-4890-ADB0-5A5A4DC9553C}.Debug|Any CPU.ActiveCfg = Debug|Any CPU
		{EC2C40D3-DEE3-4890-ADB0-5A5A4DC9553C}.Debug|Any CPU.Build.0 = Debug|Any CPU
		{EC2C40D3-DEE3-4890-ADB0-5A5A4DC9553C}.Release|Any CPU.ActiveCfg = Release|Any CPU
		{EC2C40D3-DEE3-4890-ADB0-5A5A4DC9553C}.Release|Any CPU.Build.0 = Release|Any CPU
	EndGlobalSection
	GlobalSection(SolutionProperties) = preSolution
		HideSolutionNode = FALSE
	EndGlobalSection
	GlobalSection(ExtensibilityGlobals) = postSolution
		SolutionGuid = {F33F9EAD-72F5-47C8-AF20-6B2BFDF8C3B4}
	EndGlobalSection
EndGlobal
