
Microsoft Visual Studio Solution File, Format Version 12.00
# Visual Studio Version 17
VisualStudioVersion = 17.1.32421.90
MinimumVisualStudioVersion = 10.0.40219.1
Project("{FAE04EC0-301F-11D3-BF4B-00C04F79EFBC}") = "Aula03OperadoresAritmeticos", "Aula03OperadoresAritmeticos\Aula03OperadoresAritmeticos.csproj", "{F4ECD691-8D1A-489F-AC3E-379821C30DFB}"
EndProject
Global
	GlobalSection(SolutionConfigurationPlatforms) = preSolution
		Debug|Any CPU = Debug|Any CPU
		Release|Any CPU = Release|Any CPU
	EndGlobalSection
	GlobalSection(ProjectConfigurationPlatforms) = postSolution
		{F4ECD691-8D1A-489F-AC3E-379821C30DFB}.Debug|Any CPU.ActiveCfg = Debug|Any CPU
		{F4ECD691-8D1A-489F-AC3E-379821C30DFB}.Debug|Any CPU.Build.0 = Debug|Any CPU
		{F4ECD691-8D1A-489F-AC3E-379821C30DFB}.Release|Any CPU.ActiveCfg = Release|Any CPU
		{F4ECD691-8D1A-489F-AC3E-379821C30DFB}.Release|Any CPU.Build.0 = Release|Any CPU
	EndGlobalSection
	GlobalSection(SolutionProperties) = preSolution
		HideSolutionNode = FALSE
	EndGlobalSection
	GlobalSection(ExtensibilityGlobals) = postSolution
		SolutionGuid = {C4DA9CAD-0957-46EA-B48D-6F1C5343EB56}
	EndGlobalSection
EndGlobal
