
Microsoft Visual Studio Solution File, Format Version 12.00
# Visual Studio Version 17
VisualStudioVersion = 17.1.32421.90
MinimumVisualStudioVersion = 10.0.40219.1
Project("{FAE04EC0-301F-11D3-BF4B-00C04F79EFBC}") = "Adicionando dias nas datas", "Adicionando dias nas datas\Adicionando dias nas datas.csproj", "{3FF01805-8150-4C61-9BA4-C47BA65D830E}"
EndProject
Global
	GlobalSection(SolutionConfigurationPlatforms) = preSolution
		Debug|Any CPU = Debug|Any CPU
		Release|Any CPU = Release|Any CPU
	EndGlobalSection
	GlobalSection(ProjectConfigurationPlatforms) = postSolution
		{3FF01805-8150-4C61-9BA4-C47BA65D830E}.Debug|Any CPU.ActiveCfg = Debug|Any CPU
		{3FF01805-8150-4C61-9BA4-C47BA65D830E}.Debug|Any CPU.Build.0 = Debug|Any CPU
		{3FF01805-8150-4C61-9BA4-C47BA65D830E}.Release|Any CPU.ActiveCfg = Release|Any CPU
		{3FF01805-8150-4C61-9BA4-C47BA65D830E}.Release|Any CPU.Build.0 = Release|Any CPU
	EndGlobalSection
	GlobalSection(SolutionProperties) = preSolution
		HideSolutionNode = FALSE
	EndGlobalSection
	GlobalSection(ExtensibilityGlobals) = postSolution
		SolutionGuid = {FB31410C-3D26-48EB-A713-8377D2DC79AF}
	EndGlobalSection
EndGlobal
