
Microsoft Visual Studio Solution File, Format Version 12.00
# Visual Studio Version 17
VisualStudioVersion = 17.1.32421.90
MinimumVisualStudioVersion = 10.0.40219.1
Project("{FAE04EC0-301F-11D3-BF4B-00C04F79EFBC}") = "Aula04IfElseVs", "Aula04IfElseVs\Aula04IfElseVs.csproj", "{FE1DF2DD-2657-4707-8A06-D27D79F58258}"
EndProject
Global
	GlobalSection(SolutionConfigurationPlatforms) = preSolution
		Debug|Any CPU = Debug|Any CPU
		Release|Any CPU = Release|Any CPU
	EndGlobalSection
	GlobalSection(ProjectConfigurationPlatforms) = postSolution
		{FE1DF2DD-2657-4707-8A06-D27D79F58258}.Debug|Any CPU.ActiveCfg = Debug|Any CPU
		{FE1DF2DD-2657-4707-8A06-D27D79F58258}.Debug|Any CPU.Build.0 = Debug|Any CPU
		{FE1DF2DD-2657-4707-8A06-D27D79F58258}.Release|Any CPU.ActiveCfg = Release|Any CPU
		{FE1DF2DD-2657-4707-8A06-D27D79F58258}.Release|Any CPU.Build.0 = Release|Any CPU
	EndGlobalSection
	GlobalSection(SolutionProperties) = preSolution
		HideSolutionNode = FALSE
	EndGlobalSection
	GlobalSection(ExtensibilityGlobals) = postSolution
		SolutionGuid = {3D68B001-B5D0-4A3F-8DCE-CBC70C69C311}
	EndGlobalSection
EndGlobal
