
Microsoft Visual Studio Solution File, Format Version 12.00
# Visual Studio Version 17
VisualStudioVersion = 17.1.32421.90
MinimumVisualStudioVersion = 10.0.40219.1
Project("{FAE04EC0-301F-11D3-BF4B-00C04F79EFBC}") = "Exercicio02.NetVs", "Exercicio02.NetVs\Exercicio02.NetVs.csproj", "{01C76149-AA6C-4344-AC8B-2803A4C4AC02}"
EndProject
Global
	GlobalSection(SolutionConfigurationPlatforms) = preSolution
		Debug|Any CPU = Debug|Any CPU
		Release|Any CPU = Release|Any CPU
	EndGlobalSection
	GlobalSection(ProjectConfigurationPlatforms) = postSolution
		{01C76149-AA6C-4344-AC8B-2803A4C4AC02}.Debug|Any CPU.ActiveCfg = Debug|Any CPU
		{01C76149-AA6C-4344-AC8B-2803A4C4AC02}.Debug|Any CPU.Build.0 = Debug|Any CPU
		{01C76149-AA6C-4344-AC8B-2803A4C4AC02}.Release|Any CPU.ActiveCfg = Release|Any CPU
		{01C76149-AA6C-4344-AC8B-2803A4C4AC02}.Release|Any CPU.Build.0 = Release|Any CPU
	EndGlobalSection
	GlobalSection(SolutionProperties) = preSolution
		HideSolutionNode = FALSE
	EndGlobalSection
	GlobalSection(ExtensibilityGlobals) = postSolution
		SolutionGuid = {CC37E1B0-163B-4492-94CA-1E7692391537}
	EndGlobalSection
EndGlobal
