
Microsoft Visual Studio Solution File, Format Version 12.00
# Visual Studio Version 17
VisualStudioVersion = 17.1.32421.90
MinimumVisualStudioVersion = 10.0.40219.1
Project("{FAE04EC0-301F-11D3-BF4B-00C04F79EFBC}") = "ConsoleApp1", "ConsoleApp1\ConsoleApp1.csproj", "{B22DC0F2-4F06-4EA0-99F5-6C678FC360B4}"
EndProject
Global
	GlobalSection(SolutionConfigurationPlatforms) = preSolution
		Debug|Any CPU = Debug|Any CPU
		Release|Any CPU = Release|Any CPU
	EndGlobalSection
	GlobalSection(ProjectConfigurationPlatforms) = postSolution
		{B22DC0F2-4F06-4EA0-99F5-6C678FC360B4}.Debug|Any CPU.ActiveCfg = Debug|Any CPU
		{B22DC0F2-4F06-4EA0-99F5-6C678FC360B4}.Debug|Any CPU.Build.0 = Debug|Any CPU
		{B22DC0F2-4F06-4EA0-99F5-6C678FC360B4}.Release|Any CPU.ActiveCfg = Release|Any CPU
		{B22DC0F2-4F06-4EA0-99F5-6C678FC360B4}.Release|Any CPU.Build.0 = Release|Any CPU
	EndGlobalSection
	GlobalSection(SolutionProperties) = preSolution
		HideSolutionNode = FALSE
	EndGlobalSection
	GlobalSection(ExtensibilityGlobals) = postSolution
		SolutionGuid = {B3177D47-86F3-4C44-9424-A0D95987F080}
	EndGlobalSection
EndGlobal
