
Microsoft Visual Studio Solution File, Format Version 12.00
# Visual Studio Version 17
VisualStudioVersion = 17.1.32421.90
MinimumVisualStudioVersion = 10.0.40219.1
Project("{FAE04EC0-301F-11D3-BF4B-00C04F79EFBC}") = "ExercicioMultiplicacaoVS", "ExercicioMultiplicacaoVS\ExercicioMultiplicacaoVS.csproj", "{19256CE0-335A-4403-AE5D-4C276D1D3426}"
EndProject
Global
	GlobalSection(SolutionConfigurationPlatforms) = preSolution
		Debug|Any CPU = Debug|Any CPU
		Release|Any CPU = Release|Any CPU
	EndGlobalSection
	GlobalSection(ProjectConfigurationPlatforms) = postSolution
		{19256CE0-335A-4403-AE5D-4C276D1D3426}.Debug|Any CPU.ActiveCfg = Debug|Any CPU
		{19256CE0-335A-4403-AE5D-4C276D1D3426}.Debug|Any CPU.Build.0 = Debug|Any CPU
		{19256CE0-335A-4403-AE5D-4C276D1D3426}.Release|Any CPU.ActiveCfg = Release|Any CPU
		{19256CE0-335A-4403-AE5D-4C276D1D3426}.Release|Any CPU.Build.0 = Release|Any CPU
	EndGlobalSection
	GlobalSection(SolutionProperties) = preSolution
		HideSolutionNode = FALSE
	EndGlobalSection
	GlobalSection(ExtensibilityGlobals) = postSolution
		SolutionGuid = {019839E6-C3F0-4AC6-9BDE-88DFE9D15E84}
	EndGlobalSection
EndGlobal
