
Microsoft Visual Studio Solution File, Format Version 12.00
# Visual Studio Version 17
VisualStudioVersion = 17.1.32421.90
MinimumVisualStudioVersion = 10.0.40219.1
Project("{FAE04EC0-301F-11D3-BF4B-00C04F79EFBC}") = "Aula03Exercicio", "Aula03Exercicio\Aula03Exercicio.csproj", "{53F59669-09B2-4077-89C6-F0CAE3DCB34A}"
EndProject
Global
	GlobalSection(SolutionConfigurationPlatforms) = preSolution
		Debug|Any CPU = Debug|Any CPU
		Release|Any CPU = Release|Any CPU
	EndGlobalSection
	GlobalSection(ProjectConfigurationPlatforms) = postSolution
		{53F59669-09B2-4077-89C6-F0CAE3DCB34A}.Debug|Any CPU.ActiveCfg = Debug|Any CPU
		{53F59669-09B2-4077-89C6-F0CAE3DCB34A}.Debug|Any CPU.Build.0 = Debug|Any CPU
		{53F59669-09B2-4077-89C6-F0CAE3DCB34A}.Release|Any CPU.ActiveCfg = Release|Any CPU
		{53F59669-09B2-4077-89C6-F0CAE3DCB34A}.Release|Any CPU.Build.0 = Release|Any CPU
	EndGlobalSection
	GlobalSection(SolutionProperties) = preSolution
		HideSolutionNode = FALSE
	EndGlobalSection
	GlobalSection(ExtensibilityGlobals) = postSolution
		SolutionGuid = {4EB4C52F-CAED-4D3D-843B-EF7E9088E0C0}
	EndGlobalSection
EndGlobal
